
Microsoft Visual Studio Solution File, Format Version 12.00
# Visual Studio 2013
VisualStudioVersion = 12.0.30501.0
MinimumVisualStudioVersion = 10.0.40219.1
Project("{FAE04EC0-301F-11D3-BF4B-00C04F79EFBC}") = "RoomServer", "App\ServerModule\RoomServer\RoomServer.csproj", "{A8080D47-00A0-40B7-B353-71153D2E6663}"
EndProject
Project("{FAE04EC0-301F-11D3-BF4B-00C04F79EFBC}") = "Common", "Infrastructure\Common\Common.csproj", "{1C8280CD-EB93-4849-940E-A99EDDF811D6}"
EndProject
Project("{FAE04EC0-301F-11D3-BF4B-00C04F79EFBC}") = "ServerCommon", "Infrastructure\Common\ServerCommon.csproj", "{8EAD2077-DE3A-435C-B770-09EFFE4153C1}"
EndProject
Project("{FAE04EC0-301F-11D3-BF4B-00C04F79EFBC}") = "SkillSystem", "Infrastructure\SkillSystem\SkillSystem.csproj", "{562023AE-B38B-4CFF-B9A3-B6D91347BD59}"
EndProject
Project("{FAE04EC0-301F-11D3-BF4B-00C04F79EFBC}") = "StorySystem", "Infrastructure\StorySystem\StorySystem.csproj", "{F1D962E1-3B17-4597-B542-BCB657E75829}"
EndProject
Project("{FAE04EC0-301F-11D3-BF4B-00C04F79EFBC}") = "ClientProtoBuf", "App\ClientProtoBuf\ClientProtoBuf.csproj", "{C402FC70-3A7A-4CE2-956F-6AA1DFD5882E}"
EndProject
Project("{FAE04EC0-301F-11D3-BF4B-00C04F79EFBC}") = "LogSys", "App\ServerModule\LogSys\LogSys\LogSys.csproj", "{7935F58E-9F5D-48F7-B915-C6A0F455165F}"
EndProject
Project("{FAE04EC0-301F-11D3-BF4B-00C04F79EFBC}") = "Messenger", "App\ServerModule\Messenger\Messenger\Messenger.csproj", "{98BA0167-2BEB-4845-9926-50CB465C4FA6}"
EndProject
Project("{FAE04EC0-301F-11D3-BF4B-00C04F79EFBC}") = "ServerProtoBuf", "App\ServerModule\ServerProtoBuf\ServerProtoBuf.csproj", "{3A1DEA99-D58B-4CE0-BB57-8C09E97AF5E4}"
EndProject
Project("{2150E333-8FDC-42A3-9474-1A3956D46DE8}") = "App", "App", "{D965B9AE-EC7C-4F00-A779-E7650323C7E4}"
EndProject
Project("{2150E333-8FDC-42A3-9474-1A3956D46DE8}") = "InformationService", "InformationService", "{825542A8-2B62-4DA8-857C-307B0F42BD9A}"
EndProject
Project("{2150E333-8FDC-42A3-9474-1A3956D46DE8}") = "Infrastructure", "Infrastructure", "{41D70746-E394-429F-9C59-94ACF4BFC36C}"
EndProject
Project("{FAE04EC0-301F-11D3-BF4B-00C04F79EFBC}") = "DataCache", "App\ServerModule\DataCache\DataCache.csproj", "{893F4EAD-916E-435E-B093-9837DA7FDC7E}"
EndProject
Project("{FAE04EC0-301F-11D3-BF4B-00C04F79EFBC}") = "DataProtoBuf", "App\ServerModule\DataProtoBuf\DataProtoBuf.csproj", "{F261F4C6-33DB-44EE-87FE-AEC3D6FE395E}"
EndProject
Project("{FAE04EC0-301F-11D3-BF4B-00C04F79EFBC}") = "Lobby", "App\ServerModule\Lobby\Lobby.csproj", "{0664BB03-3179-4E26-BB87-D65529A3DFEB}"
EndProject
Project("{FAE04EC0-301F-11D3-BF4B-00C04F79EFBC}") = "UserServer", "App\ServerModule\UserServer\UserServer.csproj", "{A8EE9594-519A-4569-A517-7A13F856E08E}"
EndProject
Project("{FAE04EC0-301F-11D3-BF4B-00C04F79EFBC}") = "GameObjects", "InformationService\GameObjects\GameObjects.csproj", "{E280220B-7EDA-4274-B3D5-4E922D98CAAD}"
EndProject
Project("{FAE04EC0-301F-11D3-BF4B-00C04F79EFBC}") = "SceneLogic", "InformationService\SceneLogic\SceneLogic.csproj", "{3452C105-45DD-4821-BCDA-E495B7748519}"
EndProject
Project("{2150E333-8FDC-42A3-9474-1A3956D46DE8}") = "AppModule", "AppModule", "{8CBFE80B-ECCB-4C01-B93C-87AD4A5E9C2B}"
EndProject
Global
	GlobalSection(SolutionConfigurationPlatforms) = preSolution
		Debug|Any CPU = Debug|Any CPU
		Debug|Mixed Platforms = Debug|Mixed Platforms
		Debug|x86 = Debug|x86
		Release|Any CPU = Release|Any CPU
		Release|Mixed Platforms = Release|Mixed Platforms
		Release|x86 = Release|x86
	EndGlobalSection
	GlobalSection(ProjectConfigurationPlatforms) = postSolution
		{A8080D47-00A0-40B7-B353-71153D2E6663}.Debug|Any CPU.ActiveCfg = Debug|Any CPU
		{A8080D47-00A0-40B7-B353-71153D2E6663}.Debug|Any CPU.Build.0 = Debug|Any CPU
		{A8080D47-00A0-40B7-B353-71153D2E6663}.Debug|Mixed Platforms.ActiveCfg = Debug|Any CPU
		{A8080D47-00A0-40B7-B353-71153D2E6663}.Debug|Mixed Platforms.Build.0 = Debug|Any CPU
		{A8080D47-00A0-40B7-B353-71153D2E6663}.Debug|x86.ActiveCfg = Debug|x86
		{A8080D47-00A0-40B7-B353-71153D2E6663}.Debug|x86.Build.0 = Debug|x86
		{A8080D47-00A0-40B7-B353-71153D2E6663}.Release|Any CPU.ActiveCfg = Release|Any CPU
		{A8080D47-00A0-40B7-B353-71153D2E6663}.Release|Any CPU.Build.0 = Release|Any CPU
		{A8080D47-00A0-40B7-B353-71153D2E6663}.Release|Mixed Platforms.ActiveCfg = Release|Any CPU
		{A8080D47-00A0-40B7-B353-71153D2E6663}.Release|Mixed Platforms.Build.0 = Release|Any CPU
		{A8080D47-00A0-40B7-B353-71153D2E6663}.Release|x86.ActiveCfg = Release|Any CPU
		{1C8280CD-EB93-4849-940E-A99EDDF811D6}.Debug|Any CPU.ActiveCfg = Debug|Any CPU
		{1C8280CD-EB93-4849-940E-A99EDDF811D6}.Debug|Any CPU.Build.0 = Debug|Any CPU
		{1C8280CD-EB93-4849-940E-A99EDDF811D6}.Debug|Mixed Platforms.ActiveCfg = Debug|x86
		{1C8280CD-EB93-4849-940E-A99EDDF811D6}.Debug|Mixed Platforms.Build.0 = Debug|x86
		{1C8280CD-EB93-4849-940E-A99EDDF811D6}.Debug|x86.ActiveCfg = Debug|x86
		{1C8280CD-EB93-4849-940E-A99EDDF811D6}.Debug|x86.Build.0 = Debug|x86
		{1C8280CD-EB93-4849-940E-A99EDDF811D6}.Release|Any CPU.ActiveCfg = Release|Any CPU
		{1C8280CD-EB93-4849-940E-A99EDDF811D6}.Release|Any CPU.Build.0 = Release|Any CPU
		{1C8280CD-EB93-4849-940E-A99EDDF811D6}.Release|Mixed Platforms.ActiveCfg = Release|x86
		{1C8280CD-EB93-4849-940E-A99EDDF811D6}.Release|Mixed Platforms.Build.0 = Release|x86
		{1C8280CD-EB93-4849-940E-A99EDDF811D6}.Release|x86.ActiveCfg = Release|x86
		{1C8280CD-EB93-4849-940E-A99EDDF811D6}.Release|x86.Build.0 = Release|x86
		{8EAD2077-DE3A-435C-B770-09EFFE4153C1}.Debug|Any CPU.ActiveCfg = Debug|Any CPU
		{8EAD2077-DE3A-435C-B770-09EFFE4153C1}.Debug|Any CPU.Build.0 = Debug|Any CPU
		{8EAD2077-DE3A-435C-B770-09EFFE4153C1}.Debug|Mixed Platforms.ActiveCfg = Debug|x86
		{8EAD2077-DE3A-435C-B770-09EFFE4153C1}.Debug|Mixed Platforms.Build.0 = Debug|x86
		{8EAD2077-DE3A-435C-B770-09EFFE4153C1}.Debug|x86.ActiveCfg = Debug|x86
		{8EAD2077-DE3A-435C-B770-09EFFE4153C1}.Debug|x86.Build.0 = Debug|x86
		{8EAD2077-DE3A-435C-B770-09EFFE4153C1}.Release|Any CPU.ActiveCfg = Release|Any CPU
		{8EAD2077-DE3A-435C-B770-09EFFE4153C1}.Release|Any CPU.Build.0 = Release|Any CPU
		{8EAD2077-DE3A-435C-B770-09EFFE4153C1}.Release|Mixed Platforms.ActiveCfg = Release|x86
		{8EAD2077-DE3A-435C-B770-09EFFE4153C1}.Release|Mixed Platforms.Build.0 = Release|x86
		{8EAD2077-DE3A-435C-B770-09EFFE4153C1}.Release|x86.ActiveCfg = Release|x86
		{8EAD2077-DE3A-435C-B770-09EFFE4153C1}.Release|x86.Build.0 = Release|x86
		{562023AE-B38B-4CFF-B9A3-B6D91347BD59}.Debug|Any CPU.ActiveCfg = Debug|Any CPU
		{562023AE-B38B-4CFF-B9A3-B6D91347BD59}.Debug|Any CPU.Build.0 = Debug|Any CPU
		{562023AE-B38B-4CFF-B9A3-B6D91347BD59}.Debug|Mixed Platforms.ActiveCfg = Debug|x86
		{562023AE-B38B-4CFF-B9A3-B6D91347BD59}.Debug|Mixed Platforms.Build.0 = Debug|x86
		{562023AE-B38B-4CFF-B9A3-B6D91347BD59}.Debug|x86.ActiveCfg = Debug|x86
		{562023AE-B38B-4CFF-B9A3-B6D91347BD59}.Debug|x86.Build.0 = Debug|x86
		{562023AE-B38B-4CFF-B9A3-B6D91347BD59}.Release|Any CPU.ActiveCfg = Release|Any CPU
		{562023AE-B38B-4CFF-B9A3-B6D91347BD59}.Release|Any CPU.Build.0 = Release|Any CPU
		{562023AE-B38B-4CFF-B9A3-B6D91347BD59}.Release|Mixed Platforms.ActiveCfg = Release|x86
		{562023AE-B38B-4CFF-B9A3-B6D91347BD59}.Release|Mixed Platforms.Build.0 = Release|x86
		{562023AE-B38B-4CFF-B9A3-B6D91347BD59}.Release|x86.ActiveCfg = Release|x86
		{562023AE-B38B-4CFF-B9A3-B6D91347BD59}.Release|x86.Build.0 = Release|x86
		{F1D962E1-3B17-4597-B542-BCB657E75829}.Debug|Any CPU.ActiveCfg = Debug|Any CPU
		{F1D962E1-3B17-4597-B542-BCB657E75829}.Debug|Any CPU.Build.0 = Debug|Any CPU
		{F1D962E1-3B17-4597-B542-BCB657E75829}.Debug|Mixed Platforms.ActiveCfg = Debug|x86
		{F1D962E1-3B17-4597-B542-BCB657E75829}.Debug|Mixed Platforms.Build.0 = Debug|x86
		{F1D962E1-3B17-4597-B542-BCB657E75829}.Debug|x86.ActiveCfg = Debug|x86
		{F1D962E1-3B17-4597-B542-BCB657E75829}.Debug|x86.Build.0 = Debug|x86
		{F1D962E1-3B17-4597-B542-BCB657E75829}.Release|Any CPU.ActiveCfg = Release|Any CPU
		{F1D962E1-3B17-4597-B542-BCB657E75829}.Release|Any CPU.Build.0 = Release|Any CPU
		{F1D962E1-3B17-4597-B542-BCB657E75829}.Release|Mixed Platforms.ActiveCfg = Release|x86
		{F1D962E1-3B17-4597-B542-BCB657E75829}.Release|Mixed Platforms.Build.0 = Release|x86
		{F1D962E1-3B17-4597-B542-BCB657E75829}.Release|x86.ActiveCfg = Release|x86
		{F1D962E1-3B17-4597-B542-BCB657E75829}.Release|x86.Build.0 = Release|x86
		{C402FC70-3A7A-4CE2-956F-6AA1DFD5882E}.Debug|Any CPU.ActiveCfg = Debug|Any CPU
		{C402FC70-3A7A-4CE2-956F-6AA1DFD5882E}.Debug|Any CPU.Build.0 = Debug|Any CPU
		{C402FC70-3A7A-4CE2-956F-6AA1DFD5882E}.Debug|Mixed Platforms.ActiveCfg = Debug|Any CPU
		{C402FC70-3A7A-4CE2-956F-6AA1DFD5882E}.Debug|Mixed Platforms.Build.0 = Debug|Any CPU
		{C402FC70-3A7A-4CE2-956F-6AA1DFD5882E}.Debug|x86.ActiveCfg = Debug|x86
		{C402FC70-3A7A-4CE2-956F-6AA1DFD5882E}.Debug|x86.Build.0 = Debug|x86
		{C402FC70-3A7A-4CE2-956F-6AA1DFD5882E}.Release|Any CPU.ActiveCfg = Release|Any CPU
		{C402FC70-3A7A-4CE2-956F-6AA1DFD5882E}.Release|Any CPU.Build.0 = Release|Any CPU
		{C402FC70-3A7A-4CE2-956F-6AA1DFD5882E}.Release|Mixed Platforms.ActiveCfg = Release|Any CPU
		{C402FC70-3A7A-4CE2-956F-6AA1DFD5882E}.Release|Mixed Platforms.Build.0 = Release|Any CPU
		{C402FC70-3A7A-4CE2-956F-6AA1DFD5882E}.Release|x86.ActiveCfg = Release|Any CPU
		{7935F58E-9F5D-48F7-B915-C6A0F455165F}.Debug|Any CPU.ActiveCfg = Debug|Any CPU
		{7935F58E-9F5D-48F7-B915-C6A0F455165F}.Debug|Any CPU.Build.0 = Debug|Any CPU
		{7935F58E-9F5D-48F7-B915-C6A0F455165F}.Debug|Mixed Platforms.ActiveCfg = Debug|Any CPU
		{7935F58E-9F5D-48F7-B915-C6A0F455165F}.Debug|Mixed Platforms.Build.0 = Debug|Any CPU
		{7935F58E-9F5D-48F7-B915-C6A0F455165F}.Debug|x86.ActiveCfg = Debug|x86
		{7935F58E-9F5D-48F7-B915-C6A0F455165F}.Debug|x86.Build.0 = Debug|x86
		{7935F58E-9F5D-48F7-B915-C6A0F455165F}.Release|Any CPU.ActiveCfg = Release|Any CPU
		{7935F58E-9F5D-48F7-B915-C6A0F455165F}.Release|Any CPU.Build.0 = Release|Any CPU
		{7935F58E-9F5D-48F7-B915-C6A0F455165F}.Release|Mixed Platforms.ActiveCfg = Release|Any CPU
		{7935F58E-9F5D-48F7-B915-C6A0F455165F}.Release|Mixed Platforms.Build.0 = Release|Any CPU
		{7935F58E-9F5D-48F7-B915-C6A0F455165F}.Release|x86.ActiveCfg = Release|Any CPU
		{98BA0167-2BEB-4845-9926-50CB465C4FA6}.Debug|Any CPU.ActiveCfg = Debug|Any CPU
		{98BA0167-2BEB-4845-9926-50CB465C4FA6}.Debug|Any CPU.Build.0 = Debug|Any CPU
		{98BA0167-2BEB-4845-9926-50CB465C4FA6}.Debug|Mixed Platforms.ActiveCfg = Debug|x86
		{98BA0167-2BEB-4845-9926-50CB465C4FA6}.Debug|Mixed Platforms.Build.0 = Debug|x86
		{98BA0167-2BEB-4845-9926-50CB465C4FA6}.Debug|x86.ActiveCfg = Debug|x86
		{98BA0167-2BEB-4845-9926-50CB465C4FA6}.Debug|x86.Build.0 = Debug|x86
		{98BA0167-2BEB-4845-9926-50CB465C4FA6}.Release|Any CPU.ActiveCfg = Release|x86
		{98BA0167-2BEB-4845-9926-50CB465C4FA6}.Release|Mixed Platforms.ActiveCfg = Release|x86
		{98BA0167-2BEB-4845-9926-50CB465C4FA6}.Release|Mixed Platforms.Build.0 = Release|x86
		{98BA0167-2BEB-4845-9926-50CB465C4FA6}.Release|x86.ActiveCfg = Release|x86
		{98BA0167-2BEB-4845-9926-50CB465C4FA6}.Release|x86.Build.0 = Release|x86
		{3A1DEA99-D58B-4CE0-BB57-8C09E97AF5E4}.Debug|Any CPU.ActiveCfg = Debug|Any CPU
		{3A1DEA99-D58B-4CE0-BB57-8C09E97AF5E4}.Debug|Any CPU.Build.0 = Debug|Any CPU
		{3A1DEA99-D58B-4CE0-BB57-8C09E97AF5E4}.Debug|Mixed Platforms.ActiveCfg = Debug|Any CPU
		{3A1DEA99-D58B-4CE0-BB57-8C09E97AF5E4}.Debug|Mixed Platforms.Build.0 = Debug|Any CPU
		{3A1DEA99-D58B-4CE0-BB57-8C09E97AF5E4}.Debug|x86.ActiveCfg = Debug|x86
		{3A1DEA99-D58B-4CE0-BB57-8C09E97AF5E4}.Debug|x86.Build.0 = Debug|x86
		{3A1DEA99-D58B-4CE0-BB57-8C09E97AF5E4}.Release|Any CPU.ActiveCfg = Release|Any CPU
		{3A1DEA99-D58B-4CE0-BB57-8C09E97AF5E4}.Release|Any CPU.Build.0 = Release|Any CPU
		{3A1DEA99-D58B-4CE0-BB57-8C09E97AF5E4}.Release|Mixed Platforms.ActiveCfg = Release|Any CPU
		{3A1DEA99-D58B-4CE0-BB57-8C09E97AF5E4}.Release|Mixed Platforms.Build.0 = Release|Any CPU
		{3A1DEA99-D58B-4CE0-BB57-8C09E97AF5E4}.Release|x86.ActiveCfg = Release|Any CPU
		{893F4EAD-916E-435E-B093-9837DA7FDC7E}.Debug|Any CPU.ActiveCfg = Debug|Any CPU
		{893F4EAD-916E-435E-B093-9837DA7FDC7E}.Debug|Any CPU.Build.0 = Debug|Any CPU
		{893F4EAD-916E-435E-B093-9837DA7FDC7E}.Debug|Mixed Platforms.ActiveCfg = Debug|Any CPU
		{893F4EAD-916E-435E-B093-9837DA7FDC7E}.Debug|Mixed Platforms.Build.0 = Debug|Any CPU
		{893F4EAD-916E-435E-B093-9837DA7FDC7E}.Debug|x86.ActiveCfg = Debug|x86
		{893F4EAD-916E-435E-B093-9837DA7FDC7E}.Debug|x86.Build.0 = Debug|x86
		{893F4EAD-916E-435E-B093-9837DA7FDC7E}.Release|Any CPU.ActiveCfg = Release|Any CPU
		{893F4EAD-916E-435E-B093-9837DA7FDC7E}.Release|Any CPU.Build.0 = Release|Any CPU
		{893F4EAD-916E-435E-B093-9837DA7FDC7E}.Release|Mixed Platforms.ActiveCfg = Release|Any CPU
		{893F4EAD-916E-435E-B093-9837DA7FDC7E}.Release|Mixed Platforms.Build.0 = Release|Any CPU
		{893F4EAD-916E-435E-B093-9837DA7FDC7E}.Release|x86.ActiveCfg = Release|Any CPU
		{F261F4C6-33DB-44EE-87FE-AEC3D6FE395E}.Debug|Any CPU.ActiveCfg = Debug|Any CPU
		{F261F4C6-33DB-44EE-87FE-AEC3D6FE395E}.Debug|Any CPU.Build.0 = Debug|Any CPU
		{F261F4C6-33DB-44EE-87FE-AEC3D6FE395E}.Debug|Mixed Platforms.ActiveCfg = Debug|Any CPU
		{F261F4C6-33DB-44EE-87FE-AEC3D6FE395E}.Debug|Mixed Platforms.Build.0 = Debug|Any CPU
		{F261F4C6-33DB-44EE-87FE-AEC3D6FE395E}.Debug|x86.ActiveCfg = Debug|x86
		{F261F4C6-33DB-44EE-87FE-AEC3D6FE395E}.Debug|x86.Build.0 = Debug|x86
		{F261F4C6-33DB-44EE-87FE-AEC3D6FE395E}.Release|Any CPU.ActiveCfg = Release|Any CPU
		{F261F4C6-33DB-44EE-87FE-AEC3D6FE395E}.Release|Any CPU.Build.0 = Release|Any CPU
		{F261F4C6-33DB-44EE-87FE-AEC3D6FE395E}.Release|Mixed Platforms.ActiveCfg = Release|Any CPU
		{F261F4C6-33DB-44EE-87FE-AEC3D6FE395E}.Release|Mixed Platforms.Build.0 = Release|Any CPU
		{F261F4C6-33DB-44EE-87FE-AEC3D6FE395E}.Release|x86.ActiveCfg = Release|Any CPU
		{0664BB03-3179-4E26-BB87-D65529A3DFEB}.Debug|Any CPU.ActiveCfg = Debug|Any CPU
		{0664BB03-3179-4E26-BB87-D65529A3DFEB}.Debug|Any CPU.Build.0 = Debug|Any CPU
		{0664BB03-3179-4E26-BB87-D65529A3DFEB}.Debug|Mixed Platforms.ActiveCfg = Debug|Any CPU
		{0664BB03-3179-4E26-BB87-D65529A3DFEB}.Debug|Mixed Platforms.Build.0 = Debug|Any CPU
		{0664BB03-3179-4E26-BB87-D65529A3DFEB}.Debug|x86.ActiveCfg = Debug|x86
		{0664BB03-3179-4E26-BB87-D65529A3DFEB}.Debug|x86.Build.0 = Debug|x86
		{0664BB03-3179-4E26-BB87-D65529A3DFEB}.Release|Any CPU.ActiveCfg = Release|Any CPU
		{0664BB03-3179-4E26-BB87-D65529A3DFEB}.Release|Any CPU.Build.0 = Release|Any CPU
		{0664BB03-3179-4E26-BB87-D65529A3DFEB}.Release|Mixed Platforms.ActiveCfg = Release|Any CPU
		{0664BB03-3179-4E26-BB87-D65529A3DFEB}.Release|Mixed Platforms.Build.0 = Release|Any CPU
		{0664BB03-3179-4E26-BB87-D65529A3DFEB}.Release|x86.ActiveCfg = Release|Any CPU
		{A8EE9594-519A-4569-A517-7A13F856E08E}.Debug|Any CPU.ActiveCfg = Debug|Any CPU
		{A8EE9594-519A-4569-A517-7A13F856E08E}.Debug|Any CPU.Build.0 = Debug|Any CPU
		{A8EE9594-519A-4569-A517-7A13F856E08E}.Debug|Mixed Platforms.ActiveCfg = Debug|Any CPU
		{A8EE9594-519A-4569-A517-7A13F856E08E}.Debug|Mixed Platforms.Build.0 = Debug|Any CPU
		{A8EE9594-519A-4569-A517-7A13F856E08E}.Debug|x86.ActiveCfg = Debug|x86
		{A8EE9594-519A-4569-A517-7A13F856E08E}.Debug|x86.Build.0 = Debug|x86
		{A8EE9594-519A-4569-A517-7A13F856E08E}.Release|Any CPU.ActiveCfg = Release|Any CPU
		{A8EE9594-519A-4569-A517-7A13F856E08E}.Release|Any CPU.Build.0 = Release|Any CPU
		{A8EE9594-519A-4569-A517-7A13F856E08E}.Release|Mixed Platforms.ActiveCfg = Release|Any CPU
		{A8EE9594-519A-4569-A517-7A13F856E08E}.Release|Mixed Platforms.Build.0 = Release|Any CPU
		{A8EE9594-519A-4569-A517-7A13F856E08E}.Release|x86.ActiveCfg = Release|Any CPU
		{E280220B-7EDA-4274-B3D5-4E922D98CAAD}.Debug|Any CPU.ActiveCfg = Debug|Any CPU
		{E280220B-7EDA-4274-B3D5-4E922D98CAAD}.Debug|Any CPU.Build.0 = Debug|Any CPU
		{E280220B-7EDA-4274-B3D5-4E922D98CAAD}.Debug|Mixed Platforms.ActiveCfg = Debug|x86
		{E280220B-7EDA-4274-B3D5-4E922D98CAAD}.Debug|Mixed Platforms.Build.0 = Debug|x86
		{E280220B-7EDA-4274-B3D5-4E922D98CAAD}.Debug|x86.ActiveCfg = Debug|x86
		{E280220B-7EDA-4274-B3D5-4E922D98CAAD}.Debug|x86.Build.0 = Debug|x86
		{E280220B-7EDA-4274-B3D5-4E922D98CAAD}.Release|Any CPU.ActiveCfg = Release|Any CPU
		{E280220B-7EDA-4274-B3D5-4E922D98CAAD}.Release|Any CPU.Build.0 = Release|Any CPU
		{E280220B-7EDA-4274-B3D5-4E922D98CAAD}.Release|Mixed Platforms.ActiveCfg = Release|x86
		{E280220B-7EDA-4274-B3D5-4E922D98CAAD}.Release|Mixed Platforms.Build.0 = Release|x86
		{E280220B-7EDA-4274-B3D5-4E922D98CAAD}.Release|x86.ActiveCfg = Release|x86
		{E280220B-7EDA-4274-B3D5-4E922D98CAAD}.Release|x86.Build.0 = Release|x86
		{3452C105-45DD-4821-BCDA-E495B7748519}.Debug|Any CPU.ActiveCfg = Debug|Any CPU
		{3452C105-45DD-4821-BCDA-E495B7748519}.Debug|Any CPU.Build.0 = Debug|Any CPU
		{3452C105-45DD-4821-BCDA-E495B7748519}.Debug|Mixed Platforms.ActiveCfg = Debug|x86
		{3452C105-45DD-4821-BCDA-E495B7748519}.Debug|Mixed Platforms.Build.0 = Debug|x86
		{3452C105-45DD-4821-BCDA-E495B7748519}.Debug|x86.ActiveCfg = Debug|x86
		{3452C105-45DD-4821-BCDA-E495B7748519}.Debug|x86.Build.0 = Debug|x86
		{3452C105-45DD-4821-BCDA-E495B7748519}.Release|Any CPU.ActiveCfg = Release|Any CPU
		{3452C105-45DD-4821-BCDA-E495B7748519}.Release|Any CPU.Build.0 = Release|Any CPU
		{3452C105-45DD-4821-BCDA-E495B7748519}.Release|Mixed Platforms.ActiveCfg = Release|x86
		{3452C105-45DD-4821-BCDA-E495B7748519}.Release|Mixed Platforms.Build.0 = Release|x86
		{3452C105-45DD-4821-BCDA-E495B7748519}.Release|x86.ActiveCfg = Release|x86
		{3452C105-45DD-4821-BCDA-E495B7748519}.Release|x86.Build.0 = Release|x86
	EndGlobalSection
	GlobalSection(SolutionProperties) = preSolution
		HideSolutionNode = FALSE
	EndGlobalSection
	GlobalSection(NestedProjects) = preSolution
		{A8080D47-00A0-40B7-B353-71153D2E6663} = {D965B9AE-EC7C-4F00-A779-E7650323C7E4}
		{1C8280CD-EB93-4849-940E-A99EDDF811D6} = {41D70746-E394-429F-9C59-94ACF4BFC36C}
		{8EAD2077-DE3A-435C-B770-09EFFE4153C1} = {41D70746-E394-429F-9C59-94ACF4BFC36C}
		{562023AE-B38B-4CFF-B9A3-B6D91347BD59} = {41D70746-E394-429F-9C59-94ACF4BFC36C}
		{F1D962E1-3B17-4597-B542-BCB657E75829} = {41D70746-E394-429F-9C59-94ACF4BFC36C}
		{C402FC70-3A7A-4CE2-956F-6AA1DFD5882E} = {8CBFE80B-ECCB-4C01-B93C-87AD4A5E9C2B}
		{7935F58E-9F5D-48F7-B915-C6A0F455165F} = {41D70746-E394-429F-9C59-94ACF4BFC36C}
		{98BA0167-2BEB-4845-9926-50CB465C4FA6} = {8CBFE80B-ECCB-4C01-B93C-87AD4A5E9C2B}
		{3A1DEA99-D58B-4CE0-BB57-8C09E97AF5E4} = {8CBFE80B-ECCB-4C01-B93C-87AD4A5E9C2B}
		{893F4EAD-916E-435E-B093-9837DA7FDC7E} = {D965B9AE-EC7C-4F00-A779-E7650323C7E4}
		{F261F4C6-33DB-44EE-87FE-AEC3D6FE395E} = {8CBFE80B-ECCB-4C01-B93C-87AD4A5E9C2B}
		{0664BB03-3179-4E26-BB87-D65529A3DFEB} = {D965B9AE-EC7C-4F00-A779-E7650323C7E4}
		{A8EE9594-519A-4569-A517-7A13F856E08E} = {D965B9AE-EC7C-4F00-A779-E7650323C7E4}
		{E280220B-7EDA-4274-B3D5-4E922D98CAAD} = {825542A8-2B62-4DA8-857C-307B0F42BD9A}
		{3452C105-45DD-4821-BCDA-E495B7748519} = {825542A8-2B62-4DA8-857C-307B0F42BD9A}
	EndGlobalSection
EndGlobal
