
Microsoft Visual Studio Solution File, Format Version 12.00
# Visual Studio Version 17
VisualStudioVersion = 17.9.34728.123
MinimumVisualStudioVersion = 10.0.40219.1
Project("{9A19103F-16F7-4668-BE54-9A1E7A4F7556}") = "RoomServer", "App\ServerModule\RoomServer\RoomServer.csproj", "{A8080D47-00A0-40B7-B353-71153D2E6663}"
EndProject
Project("{9A19103F-16F7-4668-BE54-9A1E7A4F7556}") = "Common", "Infrastructure\Common\Common.csproj", "{1C8280CD-EB93-4849-940E-A99EDDF811D6}"
EndProject
Project("{9A19103F-16F7-4668-BE54-9A1E7A4F7556}") = "ServerCommon", "Infrastructure\Common\ServerCommon.csproj", "{8EAD2077-DE3A-435C-B770-09EFFE4153C1}"
EndProject
Project("{9A19103F-16F7-4668-BE54-9A1E7A4F7556}") = "ClientProtoBuf", "App\ClientProtoBuf\ClientProtoBuf.csproj", "{C402FC70-3A7A-4CE2-956F-6AA1DFD5882E}"
EndProject
Project("{9A19103F-16F7-4668-BE54-9A1E7A4F7556}") = "LogSys", "App\ServerModule\LogSys\LogSys\LogSys.csproj", "{7935F58E-9F5D-48F7-B915-C6A0F455165F}"
EndProject
Project("{9A19103F-16F7-4668-BE54-9A1E7A4F7556}") = "Messenger", "App\ServerModule\Messenger\Messenger\Messenger.csproj", "{98BA0167-2BEB-4845-9926-50CB465C4FA6}"
EndProject
Project("{9A19103F-16F7-4668-BE54-9A1E7A4F7556}") = "ServerProtoBuf", "App\ServerModule\ServerProtoBuf\ServerProtoBuf.csproj", "{3A1DEA99-D58B-4CE0-BB57-8C09E97AF5E4}"
EndProject
Project("{2150E333-8FDC-42A3-9474-1A3956D46DE8}") = "App", "App", "{D965B9AE-EC7C-4F00-A779-E7650323C7E4}"
EndProject
Project("{2150E333-8FDC-42A3-9474-1A3956D46DE8}") = "InformationService", "InformationService", "{825542A8-2B62-4DA8-857C-307B0F42BD9A}"
EndProject
Project("{2150E333-8FDC-42A3-9474-1A3956D46DE8}") = "Infrastructure", "Infrastructure", "{41D70746-E394-429F-9C59-94ACF4BFC36C}"
EndProject
Project("{9A19103F-16F7-4668-BE54-9A1E7A4F7556}") = "DataCache", "App\ServerModule\DataCache\DataCache.csproj", "{893F4EAD-916E-435E-B093-9837DA7FDC7E}"
EndProject
Project("{9A19103F-16F7-4668-BE54-9A1E7A4F7556}") = "DataProtoBuf", "App\ServerModule\DataProtoBuf\DataProtoBuf.csproj", "{F261F4C6-33DB-44EE-87FE-AEC3D6FE395E}"
EndProject
Project("{9A19103F-16F7-4668-BE54-9A1E7A4F7556}") = "Lobby", "App\ServerModule\Lobby\Lobby.csproj", "{0664BB03-3179-4E26-BB87-D65529A3DFEB}"
EndProject
Project("{9A19103F-16F7-4668-BE54-9A1E7A4F7556}") = "UserServer", "App\ServerModule\UserServer\UserServer.csproj", "{A8EE9594-519A-4569-A517-7A13F856E08E}"
EndProject
Project("{9A19103F-16F7-4668-BE54-9A1E7A4F7556}") = "GameObjects", "InformationService\GameObjects\GameObjects.csproj", "{E280220B-7EDA-4274-B3D5-4E922D98CAAD}"
EndProject
Project("{9A19103F-16F7-4668-BE54-9A1E7A4F7556}") = "SceneLogic", "InformationService\SceneLogic\SceneLogic.csproj", "{3452C105-45DD-4821-BCDA-E495B7748519}"
EndProject
Project("{2150E333-8FDC-42A3-9474-1A3956D46DE8}") = "AppModule", "AppModule", "{8CBFE80B-ECCB-4C01-B93C-87AD4A5E9C2B}"
EndProject
Project("{9A19103F-16F7-4668-BE54-9A1E7A4F7556}") = "DotnetSkillScript", "Infrastructure\DotnetSkillScript\DotnetSkillScript.csproj", "{6D7FA2BD-17DE-4C66-803A-8858E8B3729E}"
EndProject
Project("{9A19103F-16F7-4668-BE54-9A1E7A4F7556}") = "DotnetStoryScript", "Infrastructure\DotnetStoryScript\DotnetStoryScript.csproj", "{F2901406-B02C-4AB6-BA9B-E483169D1D95}"
EndProject
Global
	GlobalSection(SolutionConfigurationPlatforms) = preSolution
		Debug|Any CPU = Debug|Any CPU
		Release|Any CPU = Release|Any CPU
	EndGlobalSection
	GlobalSection(ProjectConfigurationPlatforms) = postSolution
		{A8080D47-00A0-40B7-B353-71153D2E6663}.Debug|Any CPU.ActiveCfg = Debug|Any CPU
		{A8080D47-00A0-40B7-B353-71153D2E6663}.Debug|Any CPU.Build.0 = Debug|Any CPU
		{A8080D47-00A0-40B7-B353-71153D2E6663}.Release|Any CPU.ActiveCfg = Release|Any CPU
		{A8080D47-00A0-40B7-B353-71153D2E6663}.Release|Any CPU.Build.0 = Release|Any CPU
		{1C8280CD-EB93-4849-940E-A99EDDF811D6}.Debug|Any CPU.ActiveCfg = Debug|Any CPU
		{1C8280CD-EB93-4849-940E-A99EDDF811D6}.Debug|Any CPU.Build.0 = Debug|Any CPU
		{1C8280CD-EB93-4849-940E-A99EDDF811D6}.Release|Any CPU.ActiveCfg = Release|Any CPU
		{1C8280CD-EB93-4849-940E-A99EDDF811D6}.Release|Any CPU.Build.0 = Release|Any CPU
		{8EAD2077-DE3A-435C-B770-09EFFE4153C1}.Debug|Any CPU.ActiveCfg = Debug|Any CPU
		{8EAD2077-DE3A-435C-B770-09EFFE4153C1}.Debug|Any CPU.Build.0 = Debug|Any CPU
		{8EAD2077-DE3A-435C-B770-09EFFE4153C1}.Release|Any CPU.ActiveCfg = Release|Any CPU
		{8EAD2077-DE3A-435C-B770-09EFFE4153C1}.Release|Any CPU.Build.0 = Release|Any CPU
		{C402FC70-3A7A-4CE2-956F-6AA1DFD5882E}.Debug|Any CPU.ActiveCfg = Debug|Any CPU
		{C402FC70-3A7A-4CE2-956F-6AA1DFD5882E}.Debug|Any CPU.Build.0 = Debug|Any CPU
		{C402FC70-3A7A-4CE2-956F-6AA1DFD5882E}.Release|Any CPU.ActiveCfg = Release|Any CPU
		{C402FC70-3A7A-4CE2-956F-6AA1DFD5882E}.Release|Any CPU.Build.0 = Release|Any CPU
		{7935F58E-9F5D-48F7-B915-C6A0F455165F}.Debug|Any CPU.ActiveCfg = Debug|Any CPU
		{7935F58E-9F5D-48F7-B915-C6A0F455165F}.Debug|Any CPU.Build.0 = Debug|Any CPU
		{7935F58E-9F5D-48F7-B915-C6A0F455165F}.Release|Any CPU.ActiveCfg = Release|Any CPU
		{7935F58E-9F5D-48F7-B915-C6A0F455165F}.Release|Any CPU.Build.0 = Release|Any CPU
		{98BA0167-2BEB-4845-9926-50CB465C4FA6}.Debug|Any CPU.ActiveCfg = Debug|Any CPU
		{98BA0167-2BEB-4845-9926-50CB465C4FA6}.Debug|Any CPU.Build.0 = Debug|Any CPU
		{98BA0167-2BEB-4845-9926-50CB465C4FA6}.Release|Any CPU.ActiveCfg = Release|Any CPU
		{98BA0167-2BEB-4845-9926-50CB465C4FA6}.Release|Any CPU.Build.0 = Release|Any CPU
		{3A1DEA99-D58B-4CE0-BB57-8C09E97AF5E4}.Debug|Any CPU.ActiveCfg = Debug|Any CPU
		{3A1DEA99-D58B-4CE0-BB57-8C09E97AF5E4}.Debug|Any CPU.Build.0 = Debug|Any CPU
		{3A1DEA99-D58B-4CE0-BB57-8C09E97AF5E4}.Release|Any CPU.ActiveCfg = Release|Any CPU
		{3A1DEA99-D58B-4CE0-BB57-8C09E97AF5E4}.Release|Any CPU.Build.0 = Release|Any CPU
		{893F4EAD-916E-435E-B093-9837DA7FDC7E}.Debug|Any CPU.ActiveCfg = Debug|Any CPU
		{893F4EAD-916E-435E-B093-9837DA7FDC7E}.Debug|Any CPU.Build.0 = Debug|Any CPU
		{893F4EAD-916E-435E-B093-9837DA7FDC7E}.Release|Any CPU.ActiveCfg = Release|Any CPU
		{893F4EAD-916E-435E-B093-9837DA7FDC7E}.Release|Any CPU.Build.0 = Release|Any CPU
		{F261F4C6-33DB-44EE-87FE-AEC3D6FE395E}.Debug|Any CPU.ActiveCfg = Debug|Any CPU
		{F261F4C6-33DB-44EE-87FE-AEC3D6FE395E}.Debug|Any CPU.Build.0 = Debug|Any CPU
		{F261F4C6-33DB-44EE-87FE-AEC3D6FE395E}.Release|Any CPU.ActiveCfg = Release|Any CPU
		{F261F4C6-33DB-44EE-87FE-AEC3D6FE395E}.Release|Any CPU.Build.0 = Release|Any CPU
		{0664BB03-3179-4E26-BB87-D65529A3DFEB}.Debug|Any CPU.ActiveCfg = Debug|Any CPU
		{0664BB03-3179-4E26-BB87-D65529A3DFEB}.Debug|Any CPU.Build.0 = Debug|Any CPU
		{0664BB03-3179-4E26-BB87-D65529A3DFEB}.Release|Any CPU.ActiveCfg = Release|Any CPU
		{0664BB03-3179-4E26-BB87-D65529A3DFEB}.Release|Any CPU.Build.0 = Release|Any CPU
		{A8EE9594-519A-4569-A517-7A13F856E08E}.Debug|Any CPU.ActiveCfg = Debug|Any CPU
		{A8EE9594-519A-4569-A517-7A13F856E08E}.Debug|Any CPU.Build.0 = Debug|Any CPU
		{A8EE9594-519A-4569-A517-7A13F856E08E}.Release|Any CPU.ActiveCfg = Release|Any CPU
		{A8EE9594-519A-4569-A517-7A13F856E08E}.Release|Any CPU.Build.0 = Release|Any CPU
		{E280220B-7EDA-4274-B3D5-4E922D98CAAD}.Debug|Any CPU.ActiveCfg = Debug|Any CPU
		{E280220B-7EDA-4274-B3D5-4E922D98CAAD}.Debug|Any CPU.Build.0 = Debug|Any CPU
		{E280220B-7EDA-4274-B3D5-4E922D98CAAD}.Release|Any CPU.ActiveCfg = Release|Any CPU
		{E280220B-7EDA-4274-B3D5-4E922D98CAAD}.Release|Any CPU.Build.0 = Release|Any CPU
		{3452C105-45DD-4821-BCDA-E495B7748519}.Debug|Any CPU.ActiveCfg = Debug|Any CPU
		{3452C105-45DD-4821-BCDA-E495B7748519}.Debug|Any CPU.Build.0 = Debug|Any CPU
		{3452C105-45DD-4821-BCDA-E495B7748519}.Release|Any CPU.ActiveCfg = Release|Any CPU
		{3452C105-45DD-4821-BCDA-E495B7748519}.Release|Any CPU.Build.0 = Release|Any CPU
		{6D7FA2BD-17DE-4C66-803A-8858E8B3729E}.Debug|Any CPU.ActiveCfg = Debug|Any CPU
		{6D7FA2BD-17DE-4C66-803A-8858E8B3729E}.Debug|Any CPU.Build.0 = Debug|Any CPU
		{6D7FA2BD-17DE-4C66-803A-8858E8B3729E}.Release|Any CPU.ActiveCfg = Release|Any CPU
		{6D7FA2BD-17DE-4C66-803A-8858E8B3729E}.Release|Any CPU.Build.0 = Release|Any CPU
		{F2901406-B02C-4AB6-BA9B-E483169D1D95}.Debug|Any CPU.ActiveCfg = Debug|Any CPU
		{F2901406-B02C-4AB6-BA9B-E483169D1D95}.Debug|Any CPU.Build.0 = Debug|Any CPU
		{F2901406-B02C-4AB6-BA9B-E483169D1D95}.Release|Any CPU.ActiveCfg = Release|Any CPU
		{F2901406-B02C-4AB6-BA9B-E483169D1D95}.Release|Any CPU.Build.0 = Release|Any CPU
	EndGlobalSection
	GlobalSection(SolutionProperties) = preSolution
		HideSolutionNode = FALSE
	EndGlobalSection
	GlobalSection(NestedProjects) = preSolution
		{A8080D47-00A0-40B7-B353-71153D2E6663} = {D965B9AE-EC7C-4F00-A779-E7650323C7E4}
		{1C8280CD-EB93-4849-940E-A99EDDF811D6} = {41D70746-E394-429F-9C59-94ACF4BFC36C}
		{8EAD2077-DE3A-435C-B770-09EFFE4153C1} = {41D70746-E394-429F-9C59-94ACF4BFC36C}
		{C402FC70-3A7A-4CE2-956F-6AA1DFD5882E} = {8CBFE80B-ECCB-4C01-B93C-87AD4A5E9C2B}
		{7935F58E-9F5D-48F7-B915-C6A0F455165F} = {41D70746-E394-429F-9C59-94ACF4BFC36C}
		{98BA0167-2BEB-4845-9926-50CB465C4FA6} = {8CBFE80B-ECCB-4C01-B93C-87AD4A5E9C2B}
		{3A1DEA99-D58B-4CE0-BB57-8C09E97AF5E4} = {8CBFE80B-ECCB-4C01-B93C-87AD4A5E9C2B}
		{893F4EAD-916E-435E-B093-9837DA7FDC7E} = {D965B9AE-EC7C-4F00-A779-E7650323C7E4}
		{F261F4C6-33DB-44EE-87FE-AEC3D6FE395E} = {8CBFE80B-ECCB-4C01-B93C-87AD4A5E9C2B}
		{0664BB03-3179-4E26-BB87-D65529A3DFEB} = {D965B9AE-EC7C-4F00-A779-E7650323C7E4}
		{A8EE9594-519A-4569-A517-7A13F856E08E} = {D965B9AE-EC7C-4F00-A779-E7650323C7E4}
		{E280220B-7EDA-4274-B3D5-4E922D98CAAD} = {825542A8-2B62-4DA8-857C-307B0F42BD9A}
		{3452C105-45DD-4821-BCDA-E495B7748519} = {825542A8-2B62-4DA8-857C-307B0F42BD9A}
		{6D7FA2BD-17DE-4C66-803A-8858E8B3729E} = {41D70746-E394-429F-9C59-94ACF4BFC36C}
		{F2901406-B02C-4AB6-BA9B-E483169D1D95} = {41D70746-E394-429F-9C59-94ACF4BFC36C}
	EndGlobalSection
	GlobalSection(ExtensibilityGlobals) = postSolution
		SolutionGuid = {FF53EF1C-F047-43E4-B8D9-0A81141EBBEF}
	EndGlobalSection
EndGlobal
