
Microsoft Visual Studio Solution File, Format Version 12.00
# Visual Studio Version 17
VisualStudioVersion = 17.2.32505.173
MinimumVisualStudioVersion = 10.0.40219.1
Project("{FAE04EC0-301F-11D3-BF4B-00C04F79EFBC}") = "MyWebSocket", "..\MyWebSocket\MyWebSocket.csproj", "{50B3E513-FDBF-4B78-AEDF-2C2EA2B2736F}"
EndProject
Global
	GlobalSection(SolutionConfigurationPlatforms) = preSolution
		Debug|Any CPU = Debug|Any CPU
		Debug|Mixed Platforms = Debug|Mixed Platforms
		Debug|x86 = Debug|x86
		Release|Any CPU = Release|Any CPU
		Release|Mixed Platforms = Release|Mixed Platforms
		Release|x86 = Release|x86
	EndGlobalSection
	GlobalSection(ProjectConfigurationPlatforms) = postSolution
		{50B3E513-FDBF-4B78-AEDF-2C2EA2B2736F}.Debug|Any CPU.ActiveCfg = Debug|Any CPU
		{50B3E513-FDBF-4B78-AEDF-2C2EA2B2736F}.Debug|Any CPU.Build.0 = Debug|Any CPU
		{50B3E513-FDBF-4B78-AEDF-2C2EA2B2736F}.Debug|Mixed Platforms.ActiveCfg = Debug|Any CPU
		{50B3E513-FDBF-4B78-AEDF-2C2EA2B2736F}.Debug|Mixed Platforms.Build.0 = Debug|Any CPU
		{50B3E513-FDBF-4B78-AEDF-2C2EA2B2736F}.Debug|x86.ActiveCfg = Debug|Any CPU
		{50B3E513-FDBF-4B78-AEDF-2C2EA2B2736F}.Release|Any CPU.ActiveCfg = Release|Any CPU
		{50B3E513-FDBF-4B78-AEDF-2C2EA2B2736F}.Release|Any CPU.Build.0 = Release|Any CPU
		{50B3E513-FDBF-4B78-AEDF-2C2EA2B2736F}.Release|Mixed Platforms.ActiveCfg = Release|Any CPU
		{50B3E513-FDBF-4B78-AEDF-2C2EA2B2736F}.Release|Mixed Platforms.Build.0 = Release|Any CPU
		{50B3E513-FDBF-4B78-AEDF-2C2EA2B2736F}.Release|x86.ActiveCfg = Release|Any CPU
	EndGlobalSection
	GlobalSection(SolutionProperties) = preSolution
		HideSolutionNode = FALSE
	EndGlobalSection
	GlobalSection(ExtensibilityGlobals) = postSolution
		SolutionGuid = {4DD2E5D2-F202-4110-A803-EADF72D1E8BE}
	EndGlobalSection
EndGlobal
