
Microsoft Visual Studio Solution File, Format Version 12.00
# Visual Studio Version 17
VisualStudioVersion = 17.6.33829.357
MinimumVisualStudioVersion = 10.0.40219.1
Project("{9A19103F-16F7-4668-BE54-9A1E7A4F7556}") = "DslCopy", "DslCopy.csproj", "{9A648F47-3659-4C16-93B5-BF5B4B9CF3A8}"
EndProject
Project("{9A19103F-16F7-4668-BE54-9A1E7A4F7556}") = "TableReaderGenerator", "..\TableReaderGenerator\TableReaderGenerator.csproj", "{B54FA063-DC7B-4BE4-A7AD-F7E532F94AFB}"
EndProject
Project("{9A19103F-16F7-4668-BE54-9A1E7A4F7556}") = "GenerateFileList", "..\GenerateFileList\GenerateFileList.csproj", "{CA4AF103-50F6-4E64-8BE6-EC16184403A2}"
EndProject
Global
	GlobalSection(SolutionConfigurationPlatforms) = preSolution
		Debug|Any CPU = Debug|Any CPU
		Release|Any CPU = Release|Any CPU
	EndGlobalSection
	GlobalSection(ProjectConfigurationPlatforms) = postSolution
		{9A648F47-3659-4C16-93B5-BF5B4B9CF3A8}.Debug|Any CPU.ActiveCfg = Debug|Any CPU
		{9A648F47-3659-4C16-93B5-BF5B4B9CF3A8}.Debug|Any CPU.Build.0 = Debug|Any CPU
		{9A648F47-3659-4C16-93B5-BF5B4B9CF3A8}.Release|Any CPU.ActiveCfg = Release|Any CPU
		{9A648F47-3659-4C16-93B5-BF5B4B9CF3A8}.Release|Any CPU.Build.0 = Release|Any CPU
		{B54FA063-DC7B-4BE4-A7AD-F7E532F94AFB}.Debug|Any CPU.ActiveCfg = Debug|Any CPU
		{B54FA063-DC7B-4BE4-A7AD-F7E532F94AFB}.Debug|Any CPU.Build.0 = Debug|Any CPU
		{B54FA063-DC7B-4BE4-A7AD-F7E532F94AFB}.Release|Any CPU.ActiveCfg = Release|Any CPU
		{B54FA063-DC7B-4BE4-A7AD-F7E532F94AFB}.Release|Any CPU.Build.0 = Release|Any CPU
		{CA4AF103-50F6-4E64-8BE6-EC16184403A2}.Debug|Any CPU.ActiveCfg = Debug|Any CPU
		{CA4AF103-50F6-4E64-8BE6-EC16184403A2}.Debug|Any CPU.Build.0 = Debug|Any CPU
		{CA4AF103-50F6-4E64-8BE6-EC16184403A2}.Release|Any CPU.ActiveCfg = Release|Any CPU
		{CA4AF103-50F6-4E64-8BE6-EC16184403A2}.Release|Any CPU.Build.0 = Release|Any CPU
	EndGlobalSection
	GlobalSection(SolutionProperties) = preSolution
		HideSolutionNode = FALSE
	EndGlobalSection
	GlobalSection(ExtensibilityGlobals) = postSolution
		SolutionGuid = {BD26FC32-2205-4546-A259-B349B321F04C}
	EndGlobalSection
EndGlobal
