
Microsoft Visual Studio Solution File, Format Version 11.00
# Visual Studio 2010
Project("{FAE04EC0-301F-11D3-BF4B-00C04F79EFBC}") = "LogSys", "LogSys\LogSys.csproj", "{7935F58E-9F5D-48F7-B915-C6A0F455165F}"
EndProject
Global
	GlobalSection(SolutionConfigurationPlatforms) = preSolution
		Debug|Any CPU = Debug|Any CPU
		Release|Any CPU = Release|Any CPU
	EndGlobalSection
	GlobalSection(ProjectConfigurationPlatforms) = postSolution
		{7935F58E-9F5D-48F7-B915-C6A0F455165F}.Debug|Any CPU.ActiveCfg = Debug|Any CPU
		{7935F58E-9F5D-48F7-B915-C6A0F455165F}.Debug|Any CPU.Build.0 = Debug|Any CPU
		{7935F58E-9F5D-48F7-B915-C6A0F455165F}.Release|Any CPU.ActiveCfg = Release|Any CPU
		{7935F58E-9F5D-48F7-B915-C6A0F455165F}.Release|Any CPU.Build.0 = Release|Any CPU
	EndGlobalSection
	GlobalSection(SolutionProperties) = preSolution
		HideSolutionNode = FALSE
	EndGlobalSection
EndGlobal
